
Microsoft Visual Studio Solution File, Format Version 12.00
# Visual Studio Version 16
VisualStudioVersion = 16.0.30114.105
MinimumVisualStudioVersion = 10.0.40219.1
Project("{FAE04EC0-301F-11D3-BF4B-00C04F79EFBC}") = "returnify-api", "returnify-api\returnify-api.csproj", "{1EF8CDD8-CEB6-4140-B8A3-422AE42565B6}"
EndProject
Project("{FAE04EC0-301F-11D3-BF4B-00C04F79EFBC}") = "returnify-api-tests", "returnify-api-tests\returnify-api-tests.csproj", "{06A0906A-6814-4FDA-9EEF-3213D4430AC2}"
EndProject
Global
	GlobalSection(SolutionConfigurationPlatforms) = preSolution
		Debug|Any CPU = Debug|Any CPU
		Release|Any CPU = Release|Any CPU
	EndGlobalSection
	GlobalSection(SolutionProperties) = preSolution
		HideSolutionNode = FALSE
	EndGlobalSection
	GlobalSection(ProjectConfigurationPlatforms) = postSolution
		{1EF8CDD8-CEB6-4140-B8A3-422AE42565B6}.Debug|Any CPU.ActiveCfg = Debug|Any CPU
		{1EF8CDD8-CEB6-4140-B8A3-422AE42565B6}.Debug|Any CPU.Build.0 = Debug|Any CPU
		{1EF8CDD8-CEB6-4140-B8A3-422AE42565B6}.Release|Any CPU.ActiveCfg = Release|Any CPU
		{1EF8CDD8-CEB6-4140-B8A3-422AE42565B6}.Release|Any CPU.Build.0 = Release|Any CPU
		{06A0906A-6814-4FDA-9EEF-3213D4430AC2}.Debug|Any CPU.ActiveCfg = Debug|Any CPU
		{06A0906A-6814-4FDA-9EEF-3213D4430AC2}.Debug|Any CPU.Build.0 = Debug|Any CPU
		{06A0906A-6814-4FDA-9EEF-3213D4430AC2}.Release|Any CPU.ActiveCfg = Release|Any CPU
		{06A0906A-6814-4FDA-9EEF-3213D4430AC2}.Release|Any CPU.Build.0 = Release|Any CPU
	EndGlobalSection
EndGlobal
